
Microsoft Visual Studio Solution File, Format Version 12.00
# Visual Studio Version 16
VisualStudioVersion = 16.0.30907.101
MinimumVisualStudioVersion = 10.0.40219.1
Project("{9A19103F-16F7-4668-BE54-9A1E7A4F7556}") = "Flow.Template", "Flow.Template\Flow.Template.csproj", "{61D14F51-70C6-422C-AE1C-47FA5EEF2158}"
EndProject
Project("{9A19103F-16F7-4668-BE54-9A1E7A4F7556}") = "Flow", "Flow\Flow.csproj", "{3D03248D-0604-4B93-A169-CE91738E095C}"
EndProject
Project("{9A19103F-16F7-4668-BE54-9A1E7A4F7556}") = "Flow.Tests", "Flow.Tests\Flow.Tests.csproj", "{52ED28A6-51E3-41D0-9DE7-238C3F00B0C1}"
EndProject
Project("{2150E333-8FDC-42A3-9474-1A3956D46DE8}") = "Solution Items", "Solution Items", "{DA0BBE88-3830-47D0-992D-D673BFBFF90F}"
	ProjectSection(SolutionItems) = preProject
		LICENSE = LICENSE
		README.md = README.md
	EndProjectSection
EndProject
Global
	GlobalSection(SolutionConfigurationPlatforms) = preSolution
		Debug|Any CPU = Debug|Any CPU
		Debug|x86 = Debug|x86
		Release|Any CPU = Release|Any CPU
		Release|x86 = Release|x86
	EndGlobalSection
	GlobalSection(ProjectConfigurationPlatforms) = postSolution
		{61D14F51-70C6-422C-AE1C-47FA5EEF2158}.Debug|Any CPU.ActiveCfg = Debug|Any CPU
		{61D14F51-70C6-422C-AE1C-47FA5EEF2158}.Debug|Any CPU.Build.0 = Debug|Any CPU
		{61D14F51-70C6-422C-AE1C-47FA5EEF2158}.Debug|x86.ActiveCfg = Debug|Any CPU
		{61D14F51-70C6-422C-AE1C-47FA5EEF2158}.Debug|x86.Build.0 = Debug|Any CPU
		{61D14F51-70C6-422C-AE1C-47FA5EEF2158}.Release|Any CPU.ActiveCfg = Release|Any CPU
		{61D14F51-70C6-422C-AE1C-47FA5EEF2158}.Release|Any CPU.Build.0 = Release|Any CPU
		{61D14F51-70C6-422C-AE1C-47FA5EEF2158}.Release|x86.ActiveCfg = Release|x86
		{61D14F51-70C6-422C-AE1C-47FA5EEF2158}.Release|x86.Build.0 = Release|x86
		{3D03248D-0604-4B93-A169-CE91738E095C}.Debug|Any CPU.ActiveCfg = Debug|Any CPU
		{3D03248D-0604-4B93-A169-CE91738E095C}.Debug|Any CPU.Build.0 = Debug|Any CPU
		{3D03248D-0604-4B93-A169-CE91738E095C}.Debug|x86.ActiveCfg = Debug|Any CPU
		{3D03248D-0604-4B93-A169-CE91738E095C}.Debug|x86.Build.0 = Debug|Any CPU
		{3D03248D-0604-4B93-A169-CE91738E095C}.Release|Any CPU.ActiveCfg = Release|Any CPU
		{3D03248D-0604-4B93-A169-CE91738E095C}.Release|Any CPU.Build.0 = Release|Any CPU
		{3D03248D-0604-4B93-A169-CE91738E095C}.Release|x86.ActiveCfg = Release|Any CPU
		{3D03248D-0604-4B93-A169-CE91738E095C}.Release|x86.Build.0 = Release|Any CPU
		{52ED28A6-51E3-41D0-9DE7-238C3F00B0C1}.Debug|Any CPU.ActiveCfg = Debug|Any CPU
		{52ED28A6-51E3-41D0-9DE7-238C3F00B0C1}.Debug|Any CPU.Build.0 = Debug|Any CPU
		{52ED28A6-51E3-41D0-9DE7-238C3F00B0C1}.Debug|x86.ActiveCfg = Debug|Any CPU
		{52ED28A6-51E3-41D0-9DE7-238C3F00B0C1}.Debug|x86.Build.0 = Debug|Any CPU
		{52ED28A6-51E3-41D0-9DE7-238C3F00B0C1}.Release|Any CPU.ActiveCfg = Release|Any CPU
		{52ED28A6-51E3-41D0-9DE7-238C3F00B0C1}.Release|Any CPU.Build.0 = Release|Any CPU
		{52ED28A6-51E3-41D0-9DE7-238C3F00B0C1}.Release|x86.ActiveCfg = Release|Any CPU
		{52ED28A6-51E3-41D0-9DE7-238C3F00B0C1}.Release|x86.Build.0 = Release|Any CPU
	EndGlobalSection
	GlobalSection(SolutionProperties) = preSolution
		HideSolutionNode = FALSE
	EndGlobalSection
	GlobalSection(ExtensibilityGlobals) = postSolution
		SolutionGuid = {F961C2BC-3D96-43B1-BF10-A70C743745BA}
	EndGlobalSection
EndGlobal
